{
  "version": 4,
  "terraform_version": "1.14.4",
  "serial": 8,
  "lineage": "6faee15b-30f2-71b9-a38a-319ea4c799da",
  "outputs": {},
  "resources": [
    {
      "module": "module.vm-t",
      "mode": "managed",
      "type": "azurerm_linux_virtual_machine",
      "name": "test",
      "provider": "provider[\"registry.terraform.io/hashicorp/azurerm\"]",
      "instances": [
        {
          "schema_version": 0,
          "attributes": {
            "additional_capabilities": [],
            "admin_password": "et5e@wtteasgagas",
            "admin_ssh_key": [
              {
                "public_key": "ssh-rsa AAAAB3NzaC1yc2EAAAADAQABAAACAQDDCSuPuIvo0sq15Gc4pR9LYVttyy1I+9M2opchu0afTBtIGeeXgLX7UBKlvDljmIv7+FLIY3RysChBdyR8LsPs2QBDqoCXTiHExTzJbKkhsTMulhhd08FYJmtr1h2WlCEQfUzFfWid+/uG88ewRkZEM7M7eNPZQ0vSANgWNgvHzIeVXblqeECkxk9LAflb6np8aVhqmtrPExrQGKwVOoosTN1X9qKYgzi+0H3EboKxMS+WDYCNv7oLox3fKwsjdJ5yS8Lk0+Kv4X+gvNj+9idW1nct0A5qRo5rl37b8jAIpG+5fqHtC5T4sI4e1u5eQaJYwOkSXAVjfmEdpwZB14VVLmqMGzDoORUuDIL6YZBT4RDaLfQwia8SK6/SQPekq3i4oQoZXD3uuX7eM9f2pdc4H/rj6oo7j6yKVaV32CKiuIT1hFjIRzAFeiVRShwgxNksVX5c4pwH/tMJoWSqxDzUBqcbaEeG2LHB8y6Z9Asdf0BX3wcZvKe7CY9iAEmVW2D6dRH+yticigeqgDoNPXeK0qHR5ifoth+Nm1MhSNfcPR0NR8x6diWWSaq39QTg7Xhk8Bfo1BnLtPBckd9Jzuc0nlIRDME74Wh+K9pCZvoxAKG/D1b5DOxgQFDNwjfb6dmOzMwpka86fmHJpjUWCgAnrgXmHiCdywm3F99nM6BggQ== root@selfhostedvm\n",
                "username": "cloudadmin"
              }
            ],
            "admin_username": "cloudadmin",
            "allow_extension_operations": true,
            "availability_set_id": "",
            "boot_diagnostics": [],
            "bypass_platform_safety_checks_on_user_schedule_enabled": false,
            "capacity_reservation_group_id": "",
            "computer_name": "terraform-vm",
            "custom_data": null,
            "dedicated_host_group_id": "",
            "dedicated_host_id": "",
            "disable_password_authentication": true,
            "disk_controller_type": "SCSI",
            "edge_zone": "",
            "encryption_at_host_enabled": false,
            "eviction_policy": "",
            "extensions_time_budget": "PT1H30M",
            "gallery_application": [],
            "id": "/subscriptions/743d926c-caad-42c5-b316-2083b0e69991/resourceGroups/my-terraform-rg1/providers/Microsoft.Compute/virtualMachines/terraform-vm",
            "identity": [],
            "license_type": "",
            "location": "eastus",
            "max_bid_price": -1,
            "name": "terraform-vm",
            "network_interface_ids": [
              "/subscriptions/743d926c-caad-42c5-b316-2083b0e69991/resourceGroups/my-terraform-rg1/providers/Microsoft.Network/networkInterfaces/dev-terraform-vm-nic"
            ],
            "os_disk": [
              {
                "caching": "ReadWrite",
                "diff_disk_settings": [],
                "disk_encryption_set_id": "",
                "disk_size_gb": 32,
                "id": "/subscriptions/743d926c-caad-42c5-b316-2083b0e69991/resourceGroups/my-terraform-rg1/providers/Microsoft.Compute/disks/os-disk",
                "name": "os-disk",
                "secure_vm_disk_encryption_set_id": "",
                "security_encryption_type": "",
                "storage_account_type": "Standard_LRS",
                "write_accelerator_enabled": false
              }
            ],
            "os_image_notification": [],
            "os_managed_disk_id": "/subscriptions/743d926c-caad-42c5-b316-2083b0e69991/resourceGroups/my-terraform-rg1/providers/Microsoft.Compute/disks/os-disk",
            "patch_assessment_mode": "ImageDefault",
            "patch_mode": "ImageDefault",
            "plan": [],
            "platform_fault_domain": -1,
            "priority": "Regular",
            "private_ip_address": "10.250.0.4",
            "private_ip_addresses": [
              "10.250.0.4"
            ],
            "provision_vm_agent": true,
            "proximity_placement_group_id": "",
            "public_ip_address": "",
            "public_ip_addresses": [],
            "reboot_setting": "",
            "resource_group_name": "my-terraform-rg1",
            "secret": [],
            "secure_boot_enabled": false,
            "size": "Standard_DC1ds_v3",
            "source_image_id": "",
            "source_image_reference": [
              {
                "offer": "0001-com-ubuntu-server-jammy",
                "publisher": "canonical",
                "sku": "22_04-lts-gen2",
                "version": "latest"
              }
            ],
            "tags": null,
            "termination_notification": null,
            "timeouts": null,
            "user_data": "",
            "virtual_machine_id": "89167227-e329-4101-a804-0d5cf3ccaa5e",
            "virtual_machine_scale_set_id": "",
            "vm_agent_platform_updates_enabled": false,
            "vtpm_enabled": false,
            "zone": ""
          },
          "sensitive_attributes": [
            [
              {
                "type": "get_attr",
                "value": "admin_password"
              }
            ],
            [
              {
                "type": "get_attr",
                "value": "custom_data"
              }
            ]
          ],
          "identity_schema_version": 0,
          "private": "eyJlMmJmYjczMC1lY2FhLTExZTYtOGY4OC0zNDM2M2JjN2M0YzAiOnsiY3JlYXRlIjoyNzAwMDAwMDAwMDAwLCJkZWxldGUiOjI3MDAwMDAwMDAwMDAsInJlYWQiOjMwMDAwMDAwMDAwMCwidXBkYXRlIjoyNzAwMDAwMDAwMDAwfX0=",
          "dependencies": [
            "module.vm-t.azurerm_network_interface.net-inter",
            "module.vm-t.azurerm_resource_group.terraform-rg",
            "module.vm-t.azurerm_subnet.vm-subnet",
            "module.vm-t.azurerm_virtual_network.my-vnet"
          ]
        }
      ]
    },
    {
      "module": "module.vm-t",
      "mode": "managed",
      "type": "azurerm_network_interface",
      "name": "net-inter",
      "provider": "provider[\"registry.terraform.io/hashicorp/azurerm\"]",
      "instances": [
        {
          "schema_version": 0,
          "attributes": {
            "accelerated_networking_enabled": false,
            "applied_dns_servers": [],
            "auxiliary_mode": "",
            "auxiliary_sku": "",
            "dns_servers": null,
            "edge_zone": "",
            "id": "/subscriptions/743d926c-caad-42c5-b316-2083b0e69991/resourceGroups/my-terraform-rg1/providers/Microsoft.Network/networkInterfaces/dev-terraform-vm-nic",
            "internal_dns_name_label": "",
            "internal_domain_name_suffix": "cetbundy5gqepbqstgdztdephe.bx.internal.cloudapp.net",
            "ip_configuration": [
              {
                "gateway_load_balancer_frontend_ip_configuration_id": "",
                "name": "nic1",
                "primary": true,
                "private_ip_address": "10.250.0.4",
                "private_ip_address_allocation": "Dynamic",
                "private_ip_address_version": "IPv4",
                "public_ip_address_id": "",
                "subnet_id": "/subscriptions/743d926c-caad-42c5-b316-2083b0e69991/resourceGroups/my-terraform-rg1/providers/Microsoft.Network/virtualNetworks/dev-vnet/subnets/app"
              }
            ],
            "ip_forwarding_enabled": false,
            "location": "eastus",
            "mac_address": "",
            "name": "dev-terraform-vm-nic",
            "private_ip_address": "10.250.0.4",
            "private_ip_addresses": [
              "10.250.0.4"
            ],
            "resource_group_name": "my-terraform-rg1",
            "tags": null,
            "timeouts": null,
            "virtual_machine_id": ""
          },
          "sensitive_attributes": [],
          "identity_schema_version": 0,
          "identity": {
            "name": "dev-terraform-vm-nic",
            "resource_group_name": "my-terraform-rg1",
            "subscription_id": "743d926c-caad-42c5-b316-2083b0e69991"
          },
          "private": "eyJlMmJmYjczMC1lY2FhLTExZTYtOGY4OC0zNDM2M2JjN2M0YzAiOnsiY3JlYXRlIjoxODAwMDAwMDAwMDAwLCJkZWxldGUiOjE4MDAwMDAwMDAwMDAsInJlYWQiOjMwMDAwMDAwMDAwMCwidXBkYXRlIjoxODAwMDAwMDAwMDAwfX0=",
          "dependencies": [
            "module.vm-t.azurerm_resource_group.terraform-rg",
            "module.vm-t.azurerm_subnet.vm-subnet",
            "module.vm-t.azurerm_virtual_network.my-vnet"
          ]
        }
      ]
    },
    {
      "module": "module.vm-t",
      "mode": "managed",
      "type": "azurerm_resource_group",
      "name": "terraform-rg",
      "provider": "provider[\"registry.terraform.io/hashicorp/azurerm\"]",
      "instances": [
        {
          "schema_version": 0,
          "attributes": {
            "id": "/subscriptions/743d926c-caad-42c5-b316-2083b0e69991/resourceGroups/my-terraform-rg1",
            "location": "eastus",
            "managed_by": "",
            "name": "my-terraform-rg1",
            "tags": {
              "app": "terraform",
              "env": "dev"
            },
            "timeouts": null
          },
          "sensitive_attributes": [],
          "identity_schema_version": 0,
          "identity": {
            "name": "my-terraform-rg1",
            "subscription_id": "743d926c-caad-42c5-b316-2083b0e69991"
          },
          "private": "eyJlMmJmYjczMC1lY2FhLTExZTYtOGY4OC0zNDM2M2JjN2M0YzAiOnsiY3JlYXRlIjo1NDAwMDAwMDAwMDAwLCJkZWxldGUiOjU0MDAwMDAwMDAwMDAsInJlYWQiOjMwMDAwMDAwMDAwMCwidXBkYXRlIjo1NDAwMDAwMDAwMDAwfX0="
        }
      ]
    },
    {
      "module": "module.vm-t",
      "mode": "managed",
      "type": "azurerm_subnet",
      "name": "vm-subnet",
      "provider": "provider[\"registry.terraform.io/hashicorp/azurerm\"]",
      "instances": [
        {
          "index_key": "app",
          "schema_version": 0,
          "attributes": {
            "address_prefixes": [
              "10.250.0.0/24"
            ],
            "default_outbound_access_enabled": true,
            "delegation": [],
            "id": "/subscriptions/743d926c-caad-42c5-b316-2083b0e69991/resourceGroups/my-terraform-rg1/providers/Microsoft.Network/virtualNetworks/dev-vnet/subnets/app",
            "ip_address_pool": [],
            "name": "app",
            "private_endpoint_network_policies": "Disabled",
            "private_link_service_network_policies_enabled": true,
            "resource_group_name": "my-terraform-rg1",
            "service_endpoint_policy_ids": null,
            "service_endpoints": null,
            "sharing_scope": "",
            "timeouts": null,
            "virtual_network_name": "dev-vnet"
          },
          "sensitive_attributes": [],
          "identity_schema_version": 0,
          "identity": {
            "name": "app",
            "resource_group_name": "my-terraform-rg1",
            "subscription_id": "743d926c-caad-42c5-b316-2083b0e69991",
            "virtual_network_name": "dev-vnet"
          },
          "private": "eyJlMmJmYjczMC1lY2FhLTExZTYtOGY4OC0zNDM2M2JjN2M0YzAiOnsiY3JlYXRlIjoxODAwMDAwMDAwMDAwLCJkZWxldGUiOjE4MDAwMDAwMDAwMDAsInJlYWQiOjMwMDAwMDAwMDAwMCwidXBkYXRlIjoxODAwMDAwMDAwMDAwfX0=",
          "dependencies": [
            "module.vm-t.azurerm_resource_group.terraform-rg",
            "module.vm-t.azurerm_virtual_network.my-vnet"
          ]
        },
        {
          "index_key": "db",
          "schema_version": 0,
          "attributes": {
            "address_prefixes": [
              "10.250.1.0/24"
            ],
            "default_outbound_access_enabled": true,
            "delegation": [],
            "id": "/subscriptions/743d926c-caad-42c5-b316-2083b0e69991/resourceGroups/my-terraform-rg1/providers/Microsoft.Network/virtualNetworks/dev-vnet/subnets/db",
            "ip_address_pool": [],
            "name": "db",
            "private_endpoint_network_policies": "Disabled",
            "private_link_service_network_policies_enabled": true,
            "resource_group_name": "my-terraform-rg1",
            "service_endpoint_policy_ids": null,
            "service_endpoints": null,
            "sharing_scope": "",
            "timeouts": null,
            "virtual_network_name": "dev-vnet"
          },
          "sensitive_attributes": [],
          "identity_schema_version": 0,
          "identity": {
            "name": "db",
            "resource_group_name": "my-terraform-rg1",
            "subscription_id": "743d926c-caad-42c5-b316-2083b0e69991",
            "virtual_network_name": "dev-vnet"
          },
          "private": "eyJlMmJmYjczMC1lY2FhLTExZTYtOGY4OC0zNDM2M2JjN2M0YzAiOnsiY3JlYXRlIjoxODAwMDAwMDAwMDAwLCJkZWxldGUiOjE4MDAwMDAwMDAwMDAsInJlYWQiOjMwMDAwMDAwMDAwMCwidXBkYXRlIjoxODAwMDAwMDAwMDAwfX0=",
          "dependencies": [
            "module.vm-t.azurerm_resource_group.terraform-rg",
            "module.vm-t.azurerm_virtual_network.my-vnet"
          ]
        },
        {
          "index_key": "web",
          "schema_version": 0,
          "attributes": {
            "address_prefixes": [
              "10.250.2.0/24"
            ],
            "default_outbound_access_enabled": true,
            "delegation": [],
            "id": "/subscriptions/743d926c-caad-42c5-b316-2083b0e69991/resourceGroups/my-terraform-rg1/providers/Microsoft.Network/virtualNetworks/dev-vnet/subnets/web",
            "ip_address_pool": [],
            "name": "web",
            "private_endpoint_network_policies": "Disabled",
            "private_link_service_network_policies_enabled": true,
            "resource_group_name": "my-terraform-rg1",
            "service_endpoint_policy_ids": null,
            "service_endpoints": null,
            "sharing_scope": "",
            "timeouts": null,
            "virtual_network_name": "dev-vnet"
          },
          "sensitive_attributes": [],
          "identity_schema_version": 0,
          "identity": {
            "name": "web",
            "resource_group_name": "my-terraform-rg1",
            "subscription_id": "743d926c-caad-42c5-b316-2083b0e69991",
            "virtual_network_name": "dev-vnet"
          },
          "private": "eyJlMmJmYjczMC1lY2FhLTExZTYtOGY4OC0zNDM2M2JjN2M0YzAiOnsiY3JlYXRlIjoxODAwMDAwMDAwMDAwLCJkZWxldGUiOjE4MDAwMDAwMDAwMDAsInJlYWQiOjMwMDAwMDAwMDAwMCwidXBkYXRlIjoxODAwMDAwMDAwMDAwfX0=",
          "dependencies": [
            "module.vm-t.azurerm_resource_group.terraform-rg",
            "module.vm-t.azurerm_virtual_network.my-vnet"
          ]
        }
      ]
    },
    {
      "module": "module.vm-t",
      "mode": "managed",
      "type": "azurerm_virtual_network",
      "name": "my-vnet",
      "provider": "provider[\"registry.terraform.io/hashicorp/azurerm\"]",
      "instances": [
        {
          "schema_version": 0,
          "attributes": {
            "address_space": [
              "10.250.0.0/16"
            ],
            "bgp_community": "",
            "ddos_protection_plan": [],
            "dns_servers": [],
            "edge_zone": "",
            "encryption": [],
            "flow_timeout_in_minutes": 0,
            "guid": "341a2611-f978-47a0-8612-9987998c8f3c",
            "id": "/subscriptions/743d926c-caad-42c5-b316-2083b0e69991/resourceGroups/my-terraform-rg1/providers/Microsoft.Network/virtualNetworks/dev-vnet",
            "ip_address_pool": [],
            "location": "eastus",
            "name": "dev-vnet",
            "private_endpoint_vnet_policies": "Disabled",
            "resource_group_name": "my-terraform-rg1",
            "subnet": [],
            "tags": null,
            "timeouts": null
          },
          "sensitive_attributes": [],
          "identity_schema_version": 0,
          "identity": {
            "name": "dev-vnet",
            "resource_group_name": "my-terraform-rg1",
            "subscription_id": "743d926c-caad-42c5-b316-2083b0e69991"
          },
          "private": "eyJlMmJmYjczMC1lY2FhLTExZTYtOGY4OC0zNDM2M2JjN2M0YzAiOnsiY3JlYXRlIjoxODAwMDAwMDAwMDAwLCJkZWxldGUiOjE4MDAwMDAwMDAwMDAsInJlYWQiOjMwMDAwMDAwMDAwMCwidXBkYXRlIjoxODAwMDAwMDAwMDAwfX0=",
          "dependencies": [
            "module.vm-t.azurerm_resource_group.terraform-rg"
          ]
        }
      ]
    }
  ],
  "check_results": null
}
